
Microsoft Visual Studio Solution File, Format Version 12.00
# Visual Studio Version 17
VisualStudioVersion = 17.4.33403.182
MinimumVisualStudioVersion = 10.0.40219.1
Project("{FAE04EC0-301F-11D3-BF4B-00C04F79EFBC}") = "MVCCoreNToastNotify", "MVCCoreNToastNotify\MVCCoreNToastNotify.csproj", "{D561237E-F7C8-4959-9F5B-7758E6B8B80D}"
EndProject
Global
	GlobalSection(SolutionConfigurationPlatforms) = preSolution
		Debug|Any CPU = Debug|Any CPU
		Release|Any CPU = Release|Any CPU
	EndGlobalSection
	GlobalSection(ProjectConfigurationPlatforms) = postSolution
		{D561237E-F7C8-4959-9F5B-7758E6B8B80D}.Debug|Any CPU.ActiveCfg = Debug|Any CPU
		{D561237E-F7C8-4959-9F5B-7758E6B8B80D}.Debug|Any CPU.Build.0 = Debug|Any CPU
		{D561237E-F7C8-4959-9F5B-7758E6B8B80D}.Release|Any CPU.ActiveCfg = Release|Any CPU
		{D561237E-F7C8-4959-9F5B-7758E6B8B80D}.Release|Any CPU.Build.0 = Release|Any CPU
	EndGlobalSection
	GlobalSection(SolutionProperties) = preSolution
		HideSolutionNode = FALSE
	EndGlobalSection
	GlobalSection(ExtensibilityGlobals) = postSolution
		SolutionGuid = {4F280F9E-FA58-4E48-9D05-22BB8D57A75D}
	EndGlobalSection
EndGlobal
